
Microsoft Visual Studio Solution File, Format Version 12.00
# Visual Studio Version 17
VisualStudioVersion = 17.7.34018.315
MinimumVisualStudioVersion = 10.0.40219.1
Project("{FAE04EC0-301F-11D3-BF4B-00C04F79EFBC}") = "RestFullWebApiM136", "RestFullWebApiM136\RestFullWebApiM136.csproj", "{ADA17C35-F0AD-4F19-A42C-9D0A0E0CE74E}"
EndProject
Project("{FAE04EC0-301F-11D3-BF4B-00C04F79EFBC}") = "RestfullApiNet6M136", "RestfullApiNet6M136\RestfullApiNet6M136.csproj", "{13523F28-FC35-4240-B3C0-A3983CF7D294}"
EndProject
Global
	GlobalSection(SolutionConfigurationPlatforms) = preSolution
		Debug|Any CPU = Debug|Any CPU
		Release|Any CPU = Release|Any CPU
	EndGlobalSection
	GlobalSection(ProjectConfigurationPlatforms) = postSolution
		{ADA17C35-F0AD-4F19-A42C-9D0A0E0CE74E}.Debug|Any CPU.ActiveCfg = Debug|Any CPU
		{ADA17C35-F0AD-4F19-A42C-9D0A0E0CE74E}.Debug|Any CPU.Build.0 = Debug|Any CPU
		{ADA17C35-F0AD-4F19-A42C-9D0A0E0CE74E}.Release|Any CPU.ActiveCfg = Release|Any CPU
		{ADA17C35-F0AD-4F19-A42C-9D0A0E0CE74E}.Release|Any CPU.Build.0 = Release|Any CPU
		{13523F28-FC35-4240-B3C0-A3983CF7D294}.Debug|Any CPU.ActiveCfg = Debug|Any CPU
		{13523F28-FC35-4240-B3C0-A3983CF7D294}.Debug|Any CPU.Build.0 = Debug|Any CPU
		{13523F28-FC35-4240-B3C0-A3983CF7D294}.Release|Any CPU.ActiveCfg = Release|Any CPU
		{13523F28-FC35-4240-B3C0-A3983CF7D294}.Release|Any CPU.Build.0 = Release|Any CPU
	EndGlobalSection
	GlobalSection(SolutionProperties) = preSolution
		HideSolutionNode = FALSE
	EndGlobalSection
	GlobalSection(ExtensibilityGlobals) = postSolution
		SolutionGuid = {F4625B94-8874-498A-BD42-0E1E1D112D11}
	EndGlobalSection
EndGlobal
